// !$*UTF8*$!
{
	archiveVersion = 1;
	classes = {
	};
	objectVersion = 46;
	objects = {

/* Begin PBXBuildFile section */
		03CD303E3087F4E58819227C /* Pods_Short_Daily_Devotions.framework in Frameworks */ = {isa = PBXBuildFile; fileRef = 6CD9F16108750C6C92B76865 /* Pods_Short_Daily_Devotions.framework */; };
		4D3296311DBA8CCE0016BE5A /* Constants.swift in Sources */ = {isa = PBXBuildFile; fileRef = 4D3296301DBA8CCE0016BE5A /* Constants.swift */; };
		4D3296331DBA94850016BE5A /* PostsViewController.swift in Sources */ = {isa = PBXBuildFile; fileRef = 4D3296321DBA94850016BE5A /* PostsViewController.swift */; };
		4D3296361DBA95130016BE5A /* PostsViewModel.swift in Sources */ = {isa = PBXBuildFile; fileRef = 4D3296351DBA95130016BE5A /* PostsViewModel.swift */; };
		4D3296381DBA95430016BE5A /* ViewModel.swift in Sources */ = {isa = PBXBuildFile; fileRef = 4D3296371DBA95430016BE5A /* ViewModel.swift */; };
		4D8A34581D70C21700BB6FA0 /* AppDelegate.swift in Sources */ = {isa = PBXBuildFile; fileRef = 4D8A34571D70C21700BB6FA0 /* AppDelegate.swift */; };
		4D8A34601D70C21700BB6FA0 /* Short_Daily_Devotions.xcdatamodeld in Sources */ = {isa = PBXBuildFile; fileRef = 4D8A345E1D70C21700BB6FA0 /* Short_Daily_Devotions.xcdatamodeld */; };
		4D8A34621D70C21700BB6FA0 /* Assets.xcassets in Resources */ = {isa = PBXBuildFile; fileRef = 4D8A34611D70C21700BB6FA0 /* Assets.xcassets */; };
		4D8A34651D70C21700BB6FA0 /* LaunchScreen.storyboard in Resources */ = {isa = PBXBuildFile; fileRef = 4D8A34631D70C21700BB6FA0 /* LaunchScreen.storyboard */; };
		4D8A34701D70C21700BB6FA0 /* Short_Daily_DevotionsTests.swift in Sources */ = {isa = PBXBuildFile; fileRef = 4D8A346F1D70C21700BB6FA0 /* Short_Daily_DevotionsTests.swift */; };
		4D8A347B1D70C21700BB6FA0 /* Short_Daily_DevotionsUITests.swift in Sources */ = {isa = PBXBuildFile; fileRef = 4D8A347A1D70C21700BB6FA0 /* Short_Daily_DevotionsUITests.swift */; };
/* End PBXBuildFile section */

/* Begin PBXContainerItemProxy section */
		4D8A346C1D70C21700BB6FA0 /* PBXContainerItemProxy */ = {
			isa = PBXContainerItemProxy;
			containerPortal = 4D8A344C1D70C21700BB6FA0 /* Project object */;
			proxyType = 1;
			remoteGlobalIDString = 4D8A34531D70C21700BB6FA0;
			remoteInfo = "Short Daily Devotions";
		};
		4D8A34771D70C21700BB6FA0 /* PBXContainerItemProxy */ = {
			isa = PBXContainerItemProxy;
			containerPortal = 4D8A344C1D70C21700BB6FA0 /* Project object */;
			proxyType = 1;
			remoteGlobalIDString = 4D8A34531D70C21700BB6FA0;
			remoteInfo = "Short Daily Devotions";
		};
/* End PBXContainerItemProxy section */

/* Begin PBXFileReference section */
		4D3296301DBA8CCE0016BE5A /* Constants.swift */ = {isa = PBXFileReference; fileEncoding = 4; lastKnownFileType = sourcecode.swift; name = Constants.swift; path = Utilities/Constants.swift; sourceTree = "<group>"; };
		4D3296321DBA94850016BE5A /* PostsViewController.swift */ = {isa = PBXFileReference; fileEncoding = 4; lastKnownFileType = sourcecode.swift; name = PostsViewController.swift; path = Controllers/PostsViewController.swift; sourceTree = "<group>"; };
		4D3296351DBA95130016BE5A /* PostsViewModel.swift */ = {isa = PBXFileReference; fileEncoding = 4; lastKnownFileType = sourcecode.swift; name = PostsViewModel.swift; path = "View Models/PostsViewModel.swift"; sourceTree = "<group>"; };
		4D3296371DBA95430016BE5A /* ViewModel.swift */ = {isa = PBXFileReference; fileEncoding = 4; lastKnownFileType = sourcecode.swift; name = ViewModel.swift; path = "View Models/ViewModel.swift"; sourceTree = "<group>"; };
		4D8A34541D70C21700BB6FA0 /* Short Daily Devotions.app */ = {isa = PBXFileReference; explicitFileType = wrapper.application; includeInIndex = 0; path = "Short Daily Devotions.app"; sourceTree = BUILT_PRODUCTS_DIR; };
		4D8A34571D70C21700BB6FA0 /* AppDelegate.swift */ = {isa = PBXFileReference; lastKnownFileType = sourcecode.swift; name = AppDelegate.swift; path = "Supporting Files/AppDelegate.swift"; sourceTree = "<group>"; };
		4D8A345F1D70C21700BB6FA0 /* Short_Daily_Devotions.xcdatamodel */ = {isa = PBXFileReference; lastKnownFileType = wrapper.xcdatamodel; path = Short_Daily_Devotions.xcdatamodel; sourceTree = "<group>"; };
		4D8A34611D70C21700BB6FA0 /* Assets.xcassets */ = {isa = PBXFileReference; lastKnownFileType = folder.assetcatalog; path = Assets.xcassets; sourceTree = "<group>"; };
		4D8A34641D70C21700BB6FA0 /* Base */ = {isa = PBXFileReference; lastKnownFileType = file.storyboard; name = Base; path = Base.lproj/LaunchScreen.storyboard; sourceTree = "<group>"; };
		4D8A34661D70C21700BB6FA0 /* Info.plist */ = {isa = PBXFileReference; lastKnownFileType = text.plist.xml; name = Info.plist; path = "Supporting Files/Info.plist"; sourceTree = "<group>"; };
		4D8A346B1D70C21700BB6FA0 /* Short Daily DevotionsTests.xctest */ = {isa = PBXFileReference; explicitFileType = wrapper.cfbundle; includeInIndex = 0; path = "Short Daily DevotionsTests.xctest"; sourceTree = BUILT_PRODUCTS_DIR; };
		4D8A346F1D70C21700BB6FA0 /* Short_Daily_DevotionsTests.swift */ = {isa = PBXFileReference; lastKnownFileType = sourcecode.swift; path = Short_Daily_DevotionsTests.swift; sourceTree = "<group>"; };
		4D8A34711D70C21700BB6FA0 /* Info.plist */ = {isa = PBXFileReference; lastKnownFileType = text.plist.xml; path = Info.plist; sourceTree = "<group>"; };
		4D8A34761D70C21700BB6FA0 /* Short Daily DevotionsUITests.xctest */ = {isa = PBXFileReference; explicitFileType = wrapper.cfbundle; includeInIndex = 0; path = "Short Daily DevotionsUITests.xctest"; sourceTree = BUILT_PRODUCTS_DIR; };
		4D8A347A1D70C21700BB6FA0 /* Short_Daily_DevotionsUITests.swift */ = {isa = PBXFileReference; lastKnownFileType = sourcecode.swift; path = Short_Daily_DevotionsUITests.swift; sourceTree = "<group>"; };
		4D8A347C1D70C21700BB6FA0 /* Info.plist */ = {isa = PBXFileReference; lastKnownFileType = text.plist.xml; path = Info.plist; sourceTree = "<group>"; };
		580231C1ABBEA71456885DBA /* Pods-Short Daily Devotions.debug.xcconfig */ = {isa = PBXFileReference; includeInIndex = 1; lastKnownFileType = text.xcconfig; name = "Pods-Short Daily Devotions.debug.xcconfig"; path = "Pods/Target Support Files/Pods-Short Daily Devotions/Pods-Short Daily Devotions.debug.xcconfig"; sourceTree = "<group>"; };
		6CD9F16108750C6C92B76865 /* Pods_Short_Daily_Devotions.framework */ = {isa = PBXFileReference; explicitFileType = wrapper.framework; includeInIndex = 0; path = Pods_Short_Daily_Devotions.framework; sourceTree = BUILT_PRODUCTS_DIR; };
		A715A4A1935E5D6A47985309 /* Pods-Short Daily Devotions.release.xcconfig */ = {isa = PBXFileReference; includeInIndex = 1; lastKnownFileType = text.xcconfig; name = "Pods-Short Daily Devotions.release.xcconfig"; path = "Pods/Target Support Files/Pods-Short Daily Devotions/Pods-Short Daily Devotions.release.xcconfig"; sourceTree = "<group>"; };
/* End PBXFileReference section */

/* Begin PBXFrameworksBuildPhase section */
		4D8A34511D70C21700BB6FA0 /* Frameworks */ = {
			isa = PBXFrameworksBuildPhase;
			buildActionMask = 2147483647;
			files = (
				03CD303E3087F4E58819227C /* Pods_Short_Daily_Devotions.framework in Frameworks */,
			);
			runOnlyForDeploymentPostprocessing = 0;
		};
		4D8A34681D70C21700BB6FA0 /* Frameworks */ = {
			isa = PBXFrameworksBuildPhase;
			buildActionMask = 2147483647;
			files = (
			);
			runOnlyForDeploymentPostprocessing = 0;
		};
		4D8A34731D70C21700BB6FA0 /* Frameworks */ = {
			isa = PBXFrameworksBuildPhase;
			buildActionMask = 2147483647;
			files = (
			);
			runOnlyForDeploymentPostprocessing = 0;
		};
/* End PBXFrameworksBuildPhase section */

/* Begin PBXGroup section */
		4D3296341DBA94FE0016BE5A /* View Models */ = {
			isa = PBXGroup;
			children = (
				4D3296351DBA95130016BE5A /* PostsViewModel.swift */,
				4D3296371DBA95430016BE5A /* ViewModel.swift */,
			);
			name = "View Models";
			sourceTree = "<group>";
		};
		4D8A344B1D70C21700BB6FA0 = {
			isa = PBXGroup;
			children = (
				4D8A34561D70C21700BB6FA0 /* Short Daily Devotions */,
				4D8A346E1D70C21700BB6FA0 /* Short Daily DevotionsTests */,
				4D8A34791D70C21700BB6FA0 /* Short Daily DevotionsUITests */,
				4D8A34551D70C21700BB6FA0 /* Products */,
				52807AC57CB8B9800EFA783C /* Pods */,
				577D4AE190F32F0149924037 /* Frameworks */,
			);
			sourceTree = "<group>";
		};
		4D8A34551D70C21700BB6FA0 /* Products */ = {
			isa = PBXGroup;
			children = (
				4D8A34541D70C21700BB6FA0 /* Short Daily Devotions.app */,
				4D8A346B1D70C21700BB6FA0 /* Short Daily DevotionsTests.xctest */,
				4D8A34761D70C21700BB6FA0 /* Short Daily DevotionsUITests.xctest */,
			);
			name = Products;
			sourceTree = "<group>";
		};
		4D8A34561D70C21700BB6FA0 /* Short Daily Devotions */ = {
			isa = PBXGroup;
			children = (
				4D3296341DBA94FE0016BE5A /* View Models */,
				76AAD2661D723F5600DBEA3D /* Controllers */,
				76AAD2651D723F2D00DBEA3D /* Storyboards */,
				76AAD2641D723F2100DBEA3D /* Assets */,
				76AAD2631D723F1B00DBEA3D /* Utilities */,
				76AAD2621D723F1600DBEA3D /* Supporting Files */,
			);
			path = "Short Daily Devotions";
			sourceTree = "<group>";
		};
		4D8A346E1D70C21700BB6FA0 /* Short Daily DevotionsTests */ = {
			isa = PBXGroup;
			children = (
				4D8A346F1D70C21700BB6FA0 /* Short_Daily_DevotionsTests.swift */,
				4D8A34711D70C21700BB6FA0 /* Info.plist */,
			);
			path = "Short Daily DevotionsTests";
			sourceTree = "<group>";
		};
		4D8A34791D70C21700BB6FA0 /* Short Daily DevotionsUITests */ = {
			isa = PBXGroup;
			children = (
				4D8A347A1D70C21700BB6FA0 /* Short_Daily_DevotionsUITests.swift */,
				4D8A347C1D70C21700BB6FA0 /* Info.plist */,
			);
			path = "Short Daily DevotionsUITests";
			sourceTree = "<group>";
		};
		52807AC57CB8B9800EFA783C /* Pods */ = {
			isa = PBXGroup;
			children = (
				580231C1ABBEA71456885DBA /* Pods-Short Daily Devotions.debug.xcconfig */,
				A715A4A1935E5D6A47985309 /* Pods-Short Daily Devotions.release.xcconfig */,
			);
			name = Pods;
			sourceTree = "<group>";
		};
		577D4AE190F32F0149924037 /* Frameworks */ = {
			isa = PBXGroup;
			children = (
				6CD9F16108750C6C92B76865 /* Pods_Short_Daily_Devotions.framework */,
			);
			name = Frameworks;
			sourceTree = "<group>";
		};
		76AAD2621D723F1600DBEA3D /* Supporting Files */ = {
			isa = PBXGroup;
			children = (
				4D8A345E1D70C21700BB6FA0 /* Short_Daily_Devotions.xcdatamodeld */,
				4D8A34661D70C21700BB6FA0 /* Info.plist */,
				4D8A34571D70C21700BB6FA0 /* AppDelegate.swift */,
			);
			name = "Supporting Files";
			sourceTree = "<group>";
		};
		76AAD2631D723F1B00DBEA3D /* Utilities */ = {
			isa = PBXGroup;
			children = (
				4D3296301DBA8CCE0016BE5A /* Constants.swift */,
			);
			name = Utilities;
			sourceTree = "<group>";
		};
		76AAD2641D723F2100DBEA3D /* Assets */ = {
			isa = PBXGroup;
			children = (
				4D8A34611D70C21700BB6FA0 /* Assets.xcassets */,
			);
			name = Assets;
			sourceTree = "<group>";
		};
		76AAD2651D723F2D00DBEA3D /* Storyboards */ = {
			isa = PBXGroup;
			children = (
				4D8A34631D70C21700BB6FA0 /* LaunchScreen.storyboard */,
			);
			name = Storyboards;
			sourceTree = "<group>";
		};
		76AAD2661D723F5600DBEA3D /* Controllers */ = {
			isa = PBXGroup;
			children = (
				4D3296321DBA94850016BE5A /* PostsViewController.swift */,
			);
			name = Controllers;
			sourceTree = "<group>";
		};
/* End PBXGroup section */

/* Begin PBXNativeTarget section */
		4D8A34531D70C21700BB6FA0 /* Short Daily Devotions */ = {
			isa = PBXNativeTarget;
			buildConfigurationList = 4D8A347F1D70C21700BB6FA0 /* Build configuration list for PBXNativeTarget "Short Daily Devotions" */;
			buildPhases = (
				5B0BAD51EF900C7363C709F7 /* [CP] Check Pods Manifest.lock */,
				4D8A34501D70C21700BB6FA0 /* Sources */,
				4D8A34511D70C21700BB6FA0 /* Frameworks */,
				4D8A34521D70C21700BB6FA0 /* Resources */,
				6C37C1222A2311E018875265 /* [CP] Embed Pods Frameworks */,
				1386A99CF416DAA504AD1E06 /* [CP] Copy Pods Resources */,
			);
			buildRules = (
			);
			dependencies = (
			);
			name = "Short Daily Devotions";
			productName = "Short Daily Devotions";
			productReference = 4D8A34541D70C21700BB6FA0 /* Short Daily Devotions.app */;
			productType = "com.apple.product-type.application";
		};
		4D8A346A1D70C21700BB6FA0 /* Short Daily DevotionsTests */ = {
			isa = PBXNativeTarget;
			buildConfigurationList = 4D8A34821D70C21700BB6FA0 /* Build configuration list for PBXNativeTarget "Short Daily DevotionsTests" */;
			buildPhases = (
				4D8A34671D70C21700BB6FA0 /* Sources */,
				4D8A34681D70C21700BB6FA0 /* Frameworks */,
				4D8A34691D70C21700BB6FA0 /* Resources */,
			);
			buildRules = (
			);
			dependencies = (
				4D8A346D1D70C21700BB6FA0 /* PBXTargetDependency */,
			);
			name = "Short Daily DevotionsTests";
			productName = "Short Daily DevotionsTests";
			productReference = 4D8A346B1D70C21700BB6FA0 /* Short Daily DevotionsTests.xctest */;
			productType = "com.apple.product-type.bundle.unit-test";
		};
		4D8A34751D70C21700BB6FA0 /* Short Daily DevotionsUITests */ = {
			isa = PBXNativeTarget;
			buildConfigurationList = 4D8A34851D70C21700BB6FA0 /* Build configuration list for PBXNativeTarget "Short Daily DevotionsUITests" */;
			buildPhases = (
				4D8A34721D70C21700BB6FA0 /* Sources */,
				4D8A34731D70C21700BB6FA0 /* Frameworks */,
				4D8A34741D70C21700BB6FA0 /* Resources */,
			);
			buildRules = (
			);
			dependencies = (
				4D8A34781D70C21700BB6FA0 /* PBXTargetDependency */,
			);
			name = "Short Daily DevotionsUITests";
			productName = "Short Daily DevotionsUITests";
			productReference = 4D8A34761D70C21700BB6FA0 /* Short Daily DevotionsUITests.xctest */;
			productType = "com.apple.product-type.bundle.ui-testing";
		};
/* End PBXNativeTarget section */

/* Begin PBXProject section */
		4D8A344C1D70C21700BB6FA0 /* Project object */ = {
			isa = PBXProject;
			attributes = {
				LastSwiftUpdateCheck = 0730;
				LastUpgradeCheck = 0800;
				ORGANIZATIONNAME = "Matt Bush";
				TargetAttributes = {
					4D8A34531D70C21700BB6FA0 = {
						CreatedOnToolsVersion = 7.3.1;
						DevelopmentTeam = 726J23ESFP;
						LastSwiftMigration = 0800;
					};
					4D8A346A1D70C21700BB6FA0 = {
						CreatedOnToolsVersion = 7.3.1;
						LastSwiftMigration = 0800;
						TestTargetID = 4D8A34531D70C21700BB6FA0;
					};
					4D8A34751D70C21700BB6FA0 = {
						CreatedOnToolsVersion = 7.3.1;
						LastSwiftMigration = 0800;
						TestTargetID = 4D8A34531D70C21700BB6FA0;
					};
				};
			};
			buildConfigurationList = 4D8A344F1D70C21700BB6FA0 /* Build configuration list for PBXProject "Short Daily Devotions" */;
			compatibilityVersion = "Xcode 3.2";
			developmentRegion = English;
			hasScannedForEncodings = 0;
			knownRegions = (
				en,
				Base,
			);
			mainGroup = 4D8A344B1D70C21700BB6FA0;
			productRefGroup = 4D8A34551D70C21700BB6FA0 /* Products */;
			projectDirPath = "";
			projectRoot = "";
			targets = (
				4D8A34531D70C21700BB6FA0 /* Short Daily Devotions */,
				4D8A346A1D70C21700BB6FA0 /* Short Daily DevotionsTests */,
				4D8A34751D70C21700BB6FA0 /* Short Daily DevotionsUITests */,
			);
		};
/* End PBXProject section */

/* Begin PBXResourcesBuildPhase section */
		4D8A34521D70C21700BB6FA0 /* Resources */ = {
			isa = PBXResourcesBuildPhase;
			buildActionMask = 2147483647;
			files = (
				4D8A34651D70C21700BB6FA0 /* LaunchScreen.storyboard in Resources */,
				4D8A34621D70C21700BB6FA0 /* Assets.xcassets in Resources */,
			);
			runOnlyForDeploymentPostprocessing = 0;
		};
		4D8A34691D70C21700BB6FA0 /* Resources */ = {
			isa = PBXResourcesBuildPhase;
			buildActionMask = 2147483647;
			files = (
			);
			runOnlyForDeploymentPostprocessing = 0;
		};
		4D8A34741D70C21700BB6FA0 /* Resources */ = {
			isa = PBXResourcesBuildPhase;
			buildActionMask = 2147483647;
			files = (
			);
			runOnlyForDeploymentPostprocessing = 0;
		};
/* End PBXResourcesBuildPhase section */

/* Begin PBXShellScriptBuildPhase section */
		1386A99CF416DAA504AD1E06 /* [CP] Copy Pods Resources */ = {
			isa = PBXShellScriptBuildPhase;
			buildActionMask = 2147483647;
			files = (
			);
			inputPaths = (
			);
			name = "[CP] Copy Pods Resources";
			outputPaths = (
			);
			runOnlyForDeploymentPostprocessing = 0;
			shellPath = /bin/sh;
			shellScript = "\"${SRCROOT}/Pods/Target Support Files/Pods-Short Daily Devotions/Pods-Short Daily Devotions-resources.sh\"\n";
			showEnvVarsInLog = 0;
		};
		5B0BAD51EF900C7363C709F7 /* [CP] Check Pods Manifest.lock */ = {
			isa = PBXShellScriptBuildPhase;
			buildActionMask = 2147483647;
			files = (
			);
			inputPaths = (
			);
			name = "[CP] Check Pods Manifest.lock";
			outputPaths = (
			);
			runOnlyForDeploymentPostprocessing = 0;
			shellPath = /bin/sh;
			shellScript = "diff \"${PODS_ROOT}/../Podfile.lock\" \"${PODS_ROOT}/Manifest.lock\" > /dev/null\nif [ $? != 0 ] ; then\n    # print error to STDERR\n    echo \"error: The sandbox is not in sync with the Podfile.lock. Run 'pod install' or update your CocoaPods installation.\" >&2\n    exit 1\nfi\n";
			showEnvVarsInLog = 0;
		};
		6C37C1222A2311E018875265 /* [CP] Embed Pods Frameworks */ = {
			isa = PBXShellScriptBuildPhase;
			buildActionMask = 2147483647;
			files = (
			);
			inputPaths = (
			);
			name = "[CP] Embed Pods Frameworks";
			outputPaths = (
			);
			runOnlyForDeploymentPostprocessing = 0;
			shellPath = /bin/sh;
			shellScript = "\"${SRCROOT}/Pods/Target Support Files/Pods-Short Daily Devotions/Pods-Short Daily Devotions-frameworks.sh\"\n";
			showEnvVarsInLog = 0;
		};
/* End PBXShellScriptBuildPhase section */

/* Begin PBXSourcesBuildPhase section */
		4D8A34501D70C21700BB6FA0 /* Sources */ = {
			isa = PBXSourcesBuildPhase;
			buildActionMask = 2147483647;
			files = (
				4D3296331DBA94850016BE5A /* PostsViewController.swift in Sources */,
				4D3296361DBA95130016BE5A /* PostsViewModel.swift in Sources */,
				4D8A34601D70C21700BB6FA0 /* Short_Daily_Devotions.xcdatamodeld in Sources */,
				4D8A34581D70C21700BB6FA0 /* AppDelegate.swift in Sources */,
				4D3296381DBA95430016BE5A /* ViewModel.swift in Sources */,
				4D3296311DBA8CCE0016BE5A /* Constants.swift in Sources */,
			);
			runOnlyForDeploymentPostprocessing = 0;
		};
		4D8A34671D70C21700BB6FA0 /* Sources */ = {
			isa = PBXSourcesBuildPhase;
			buildActionMask = 2147483647;
			files = (
				4D8A34701D70C21700BB6FA0 /* Short_Daily_DevotionsTests.swift in Sources */,
			);
			runOnlyForDeploymentPostprocessing = 0;
		};
		4D8A34721D70C21700BB6FA0 /* Sources */ = {
			isa = PBXSourcesBuildPhase;
			buildActionMask = 2147483647;
			files = (
				4D8A347B1D70C21700BB6FA0 /* Short_Daily_DevotionsUITests.swift in Sources */,
			);
			runOnlyForDeploymentPostprocessing = 0;
		};
/* End PBXSourcesBuildPhase section */

/* Begin PBXTargetDependency section */
		4D8A346D1D70C21700BB6FA0 /* PBXTargetDependency */ = {
			isa = PBXTargetDependency;
			target = 4D8A34531D70C21700BB6FA0 /* Short Daily Devotions */;
			targetProxy = 4D8A346C1D70C21700BB6FA0 /* PBXContainerItemProxy */;
		};
		4D8A34781D70C21700BB6FA0 /* PBXTargetDependency */ = {
			isa = PBXTargetDependency;
			target = 4D8A34531D70C21700BB6FA0 /* Short Daily Devotions */;
			targetProxy = 4D8A34771D70C21700BB6FA0 /* PBXContainerItemProxy */;
		};
/* End PBXTargetDependency section */

/* Begin PBXVariantGroup section */
		4D8A34631D70C21700BB6FA0 /* LaunchScreen.storyboard */ = {
			isa = PBXVariantGroup;
			children = (
				4D8A34641D70C21700BB6FA0 /* Base */,
			);
			name = LaunchScreen.storyboard;
			sourceTree = "<group>";
		};
/* End PBXVariantGroup section */

/* Begin XCBuildConfiguration section */
		4D8A347D1D70C21700BB6FA0 /* Debug */ = {
			isa = XCBuildConfiguration;
			buildSettings = {
				ALWAYS_SEARCH_USER_PATHS = NO;
				CLANG_ANALYZER_NONNULL = YES;
				CLANG_CXX_LANGUAGE_STANDARD = "gnu++0x";
				CLANG_CXX_LIBRARY = "libc++";
				CLANG_ENABLE_MODULES = YES;
				CLANG_ENABLE_OBJC_ARC = YES;
				CLANG_WARN_BOOL_CONVERSION = YES;
				CLANG_WARN_CONSTANT_CONVERSION = YES;
				CLANG_WARN_DIRECT_OBJC_ISA_USAGE = YES_ERROR;
				CLANG_WARN_EMPTY_BODY = YES;
				CLANG_WARN_ENUM_CONVERSION = YES;
				CLANG_WARN_INFINITE_RECURSION = YES;
				CLANG_WARN_INT_CONVERSION = YES;
				CLANG_WARN_OBJC_ROOT_CLASS = YES_ERROR;
				CLANG_WARN_SUSPICIOUS_MOVE = YES;
				CLANG_WARN_UNREACHABLE_CODE = YES;
				CLANG_WARN__DUPLICATE_METHOD_MATCH = YES;
				"CODE_SIGN_IDENTITY[sdk=iphoneos*]" = "iPhone Developer";
				COPY_PHASE_STRIP = NO;
				DEBUG_INFORMATION_FORMAT = dwarf;
				ENABLE_STRICT_OBJC_MSGSEND = YES;
				ENABLE_TESTABILITY = YES;
				GCC_C_LANGUAGE_STANDARD = gnu99;
				GCC_DYNAMIC_NO_PIC = NO;
				GCC_NO_COMMON_BLOCKS = YES;
				GCC_OPTIMIZATION_LEVEL = 0;
				GCC_PREPROCESSOR_DEFINITIONS = (
					"DEBUG=1",
					"$(inherited)",
				);
				GCC_WARN_64_TO_32_BIT_CONVERSION = YES;
				GCC_WARN_ABOUT_RETURN_TYPE = YES_ERROR;
				GCC_WARN_UNDECLARED_SELECTOR = YES;
				GCC_WARN_UNINITIALIZED_AUTOS = YES_AGGRESSIVE;
				GCC_WARN_UNUSED_FUNCTION = YES;
				GCC_WARN_UNUSED_VARIABLE = YES;
				IPHONEOS_DEPLOYMENT_TARGET = 10.0;
				MTL_ENABLE_DEBUG_INFO = YES;
				ONLY_ACTIVE_ARCH = YES;
				SDKROOT = iphoneos;
				SWIFT_OPTIMIZATION_LEVEL = "-Onone";
				TARGETED_DEVICE_FAMILY = "1,2";
			};
			name = Debug;
		};
		4D8A347E1D70C21700BB6FA0 /* Release */ = {
			isa = XCBuildConfiguration;
			buildSettings = {
				ALWAYS_SEARCH_USER_PATHS = NO;
				CLANG_ANALYZER_NONNULL = YES;
				CLANG_CXX_LANGUAGE_STANDARD = "gnu++0x";
				CLANG_CXX_LIBRARY = "libc++";
				CLANG_ENABLE_MODULES = YES;
				CLANG_ENABLE_OBJC_ARC = YES;
				CLANG_WARN_BOOL_CONVERSION = YES;
				CLANG_WARN_CONSTANT_CONVERSION = YES;
				CLANG_WARN_DIRECT_OBJC_ISA_USAGE = YES_ERROR;
				CLANG_WARN_EMPTY_BODY = YES;
				CLANG_WARN_ENUM_CONVERSION = YES;
				CLANG_WARN_INFINITE_RECURSION = YES;
				CLANG_WARN_INT_CONVERSION = YES;
				CLANG_WARN_OBJC_ROOT_CLASS = YES_ERROR;
				CLANG_WARN_SUSPICIOUS_MOVE = YES;
				CLANG_WARN_UNREACHABLE_CODE = YES;
				CLANG_WARN__DUPLICATE_METHOD_MATCH = YES;
				"CODE_SIGN_IDENTITY[sdk=iphoneos*]" = "iPhone Developer";
				COPY_PHASE_STRIP = NO;
				DEBUG_INFORMATION_FORMAT = "dwarf-with-dsym";
				ENABLE_NS_ASSERTIONS = NO;
				ENABLE_STRICT_OBJC_MSGSEND = YES;
				GCC_C_LANGUAGE_STANDARD = gnu99;
				GCC_NO_COMMON_BLOCKS = YES;
				GCC_WARN_64_TO_32_BIT_CONVERSION = YES;
				GCC_WARN_ABOUT_RETURN_TYPE = YES_ERROR;
				GCC_WARN_UNDECLARED_SELECTOR = YES;
				GCC_WARN_UNINITIALIZED_AUTOS = YES_AGGRESSIVE;
				GCC_WARN_UNUSED_FUNCTION = YES;
				GCC_WARN_UNUSED_VARIABLE = YES;
				IPHONEOS_DEPLOYMENT_TARGET = 10.0;
				MTL_ENABLE_DEBUG_INFO = NO;
				SDKROOT = iphoneos;
				SWIFT_OPTIMIZATION_LEVEL = "-Owholemodule";
				TARGETED_DEVICE_FAMILY = "1,2";
				VALIDATE_PRODUCT = YES;
			};
			name = Release;
		};
		4D8A34801D70C21700BB6FA0 /* Debug */ = {
			isa = XCBuildConfiguration;
			baseConfigurationReference = 580231C1ABBEA71456885DBA /* Pods-Short Daily Devotions.debug.xcconfig */;
			buildSettings = {
				ALWAYS_EMBED_SWIFT_STANDARD_LIBRARIES = YES;
				ASSETCATALOG_COMPILER_APPICON_NAME = AppIcon;
				DEVELOPMENT_TEAM = 726J23ESFP;
				INFOPLIST_FILE = "Short Daily Devotions/Supporting Files/Info.plist";
				LD_RUNPATH_SEARCH_PATHS = "$(inherited) @executable_path/Frameworks";
				PRODUCT_BUNDLE_IDENTIFIER = com.mtthwbsh.ShortDailyDevotions;
				PRODUCT_NAME = "$(TARGET_NAME)";
				SWIFT_VERSION = 3.0;
			};
			name = Debug;
		};
		4D8A34811D70C21700BB6FA0 /* Release */ = {
			isa = XCBuildConfiguration;
			baseConfigurationReference = A715A4A1935E5D6A47985309 /* Pods-Short Daily Devotions.release.xcconfig */;
			buildSettings = {
				ALWAYS_EMBED_SWIFT_STANDARD_LIBRARIES = YES;
				ASSETCATALOG_COMPILER_APPICON_NAME = AppIcon;
				DEVELOPMENT_TEAM = 726J23ESFP;
				INFOPLIST_FILE = "Short Daily Devotions/Supporting Files/Info.plist";
				LD_RUNPATH_SEARCH_PATHS = "$(inherited) @executable_path/Frameworks";
				PRODUCT_BUNDLE_IDENTIFIER = com.mtthwbsh.ShortDailyDevotions;
				PRODUCT_NAME = "$(TARGET_NAME)";
				SWIFT_VERSION = 3.0;
			};
			name = Release;
		};
		4D8A34831D70C21700BB6FA0 /* Debug */ = {
			isa = XCBuildConfiguration;
			buildSettings = {
				BUNDLE_LOADER = "$(TEST_HOST)";
				INFOPLIST_FILE = "Short Daily DevotionsTests/Info.plist";
				LD_RUNPATH_SEARCH_PATHS = "$(inherited) @executable_path/Frameworks @loader_path/Frameworks";
				PRODUCT_BUNDLE_IDENTIFIER = com.mtthwbsh.ShortDailyDevotionsTests;
				PRODUCT_NAME = "$(TARGET_NAME)";
				SWIFT_VERSION = 3.0;
				TEST_HOST = "$(BUILT_PRODUCTS_DIR)/Short Daily Devotions.app/Short Daily Devotions";
			};
			name = Debug;
		};
		4D8A34841D70C21700BB6FA0 /* Release */ = {
			isa = XCBuildConfiguration;
			buildSettings = {
				BUNDLE_LOADER = "$(TEST_HOST)";
				INFOPLIST_FILE = "Short Daily DevotionsTests/Info.plist";
				LD_RUNPATH_SEARCH_PATHS = "$(inherited) @executable_path/Frameworks @loader_path/Frameworks";
				PRODUCT_BUNDLE_IDENTIFIER = com.mtthwbsh.ShortDailyDevotionsTests;
				PRODUCT_NAME = "$(TARGET_NAME)";
				SWIFT_VERSION = 3.0;
				TEST_HOST = "$(BUILT_PRODUCTS_DIR)/Short Daily Devotions.app/Short Daily Devotions";
			};
			name = Release;
		};
		4D8A34861D70C21700BB6FA0 /* Debug */ = {
			isa = XCBuildConfiguration;
			buildSettings = {
				INFOPLIST_FILE = "Short Daily DevotionsUITests/Info.plist";
				LD_RUNPATH_SEARCH_PATHS = "$(inherited) @executable_path/Frameworks @loader_path/Frameworks";
				PRODUCT_BUNDLE_IDENTIFIER = com.mtthwbsh.ShortDailyDevotionsUITests;
				PRODUCT_NAME = "$(TARGET_NAME)";
				SWIFT_VERSION = 3.0;
				TEST_TARGET_NAME = "Short Daily Devotions";
			};
			name = Debug;
		};
		4D8A34871D70C21700BB6FA0 /* Release */ = {
			isa = XCBuildConfiguration;
			buildSettings = {
				INFOPLIST_FILE = "Short Daily DevotionsUITests/Info.plist";
				LD_RUNPATH_SEARCH_PATHS = "$(inherited) @executable_path/Frameworks @loader_path/Frameworks";
				PRODUCT_BUNDLE_IDENTIFIER = com.mtthwbsh.ShortDailyDevotionsUITests;
				PRODUCT_NAME = "$(TARGET_NAME)";
				SWIFT_VERSION = 3.0;
				TEST_TARGET_NAME = "Short Daily Devotions";
			};
			name = Release;
		};
/* End XCBuildConfiguration section */

/* Begin XCConfigurationList section */
		4D8A344F1D70C21700BB6FA0 /* Build configuration list for PBXProject "Short Daily Devotions" */ = {
			isa = XCConfigurationList;
			buildConfigurations = (
				4D8A347D1D70C21700BB6FA0 /* Debug */,
				4D8A347E1D70C21700BB6FA0 /* Release */,
			);
			defaultConfigurationIsVisible = 0;
			defaultConfigurationName = Release;
		};
		4D8A347F1D70C21700BB6FA0 /* Build configuration list for PBXNativeTarget "Short Daily Devotions" */ = {
			isa = XCConfigurationList;
			buildConfigurations = (
				4D8A34801D70C21700BB6FA0 /* Debug */,
				4D8A34811D70C21700BB6FA0 /* Release */,
			);
			defaultConfigurationIsVisible = 0;
			defaultConfigurationName = Release;
		};
		4D8A34821D70C21700BB6FA0 /* Build configuration list for PBXNativeTarget "Short Daily DevotionsTests" */ = {
			isa = XCConfigurationList;
			buildConfigurations = (
				4D8A34831D70C21700BB6FA0 /* Debug */,
				4D8A34841D70C21700BB6FA0 /* Release */,
			);
			defaultConfigurationIsVisible = 0;
			defaultConfigurationName = Release;
		};
		4D8A34851D70C21700BB6FA0 /* Build configuration list for PBXNativeTarget "Short Daily DevotionsUITests" */ = {
			isa = XCConfigurationList;
			buildConfigurations = (
				4D8A34861D70C21700BB6FA0 /* Debug */,
				4D8A34871D70C21700BB6FA0 /* Release */,
			);
			defaultConfigurationIsVisible = 0;
			defaultConfigurationName = Release;
		};
/* End XCConfigurationList section */

/* Begin XCVersionGroup section */
		4D8A345E1D70C21700BB6FA0 /* Short_Daily_Devotions.xcdatamodeld */ = {
			isa = XCVersionGroup;
			children = (
				4D8A345F1D70C21700BB6FA0 /* Short_Daily_Devotions.xcdatamodel */,
			);
			currentVersion = 4D8A345F1D70C21700BB6FA0 /* Short_Daily_Devotions.xcdatamodel */;
			path = Short_Daily_Devotions.xcdatamodeld;
			sourceTree = "<group>";
			versionGroupType = wrapper.xcdatamodel;
		};
/* End XCVersionGroup section */
	};
	rootObject = 4D8A344C1D70C21700BB6FA0 /* Project object */;
}
